
Microsoft Visual Studio Solution File, Format Version 11.00
# Visual Studio 2010
Project("{FAE04EC0-301F-11D3-BF4B-00C04F79EFBC}") = "MathFunctions", "MathFunctions\MathFunctions.csproj", "{7D05F3EA-60F7-43DD-9AC3-D78E00B28C95}"
EndProject
Global
	GlobalSection(SolutionConfigurationPlatforms) = preSolution
		Debug|Any CPU = Debug|Any CPU
		Release|Any CPU = Release|Any CPU
	EndGlobalSection
	GlobalSection(ProjectConfigurationPlatforms) = postSolution
		{7D05F3EA-60F7-43DD-9AC3-D78E00B28C95}.Debug|Any CPU.ActiveCfg = Debug|Any CPU
		{7D05F3EA-60F7-43DD-9AC3-D78E00B28C95}.Debug|Any CPU.Build.0 = Debug|Any CPU
		{7D05F3EA-60F7-43DD-9AC3-D78E00B28C95}.Release|Any CPU.ActiveCfg = Release|Any CPU
		{7D05F3EA-60F7-43DD-9AC3-D78E00B28C95}.Release|Any CPU.Build.0 = Release|Any CPU
	EndGlobalSection
	GlobalSection(MonoDevelopProperties) = preSolution
		StartupItem = MathFunctions\MathFunctions.csproj
	EndGlobalSection
EndGlobal
