
Microsoft Visual Studio Solution File, Format Version 11.00
# Visual Studio 2010
Project("{FAE04EC0-301F-11D3-BF4B-00C04F79EFBC}") = "StringFunctions", "StringFunctions\StringFunctions.csproj", "{2709ABA2-205F-4C9E-B5FD-3812B3846A7D}"
EndProject
Global
	GlobalSection(SolutionConfigurationPlatforms) = preSolution
		Debug|Any CPU = Debug|Any CPU
		Release|Any CPU = Release|Any CPU
	EndGlobalSection
	GlobalSection(ProjectConfigurationPlatforms) = postSolution
		{2709ABA2-205F-4C9E-B5FD-3812B3846A7D}.Debug|Any CPU.ActiveCfg = Debug|Any CPU
		{2709ABA2-205F-4C9E-B5FD-3812B3846A7D}.Debug|Any CPU.Build.0 = Debug|Any CPU
		{2709ABA2-205F-4C9E-B5FD-3812B3846A7D}.Release|Any CPU.ActiveCfg = Release|Any CPU
		{2709ABA2-205F-4C9E-B5FD-3812B3846A7D}.Release|Any CPU.Build.0 = Release|Any CPU
	EndGlobalSection
	GlobalSection(MonoDevelopProperties) = preSolution
		StartupItem = StringFunctions\StringFunctions.csproj
	EndGlobalSection
EndGlobal
