
Microsoft Visual Studio Solution File, Format Version 11.00
# Visual Studio 2010
Project("{FAE04EC0-301F-11D3-BF4B-00C04F79EFBC}") = "NetworkingFunctions", "NetworkingFunctions\NetworkingFunctions.csproj", "{498F20CC-A91D-47DF-88C4-9A3A4592C1F7}"
EndProject
Global
	GlobalSection(SolutionConfigurationPlatforms) = preSolution
		Debug|Any CPU = Debug|Any CPU
		Release|Any CPU = Release|Any CPU
	EndGlobalSection
	GlobalSection(ProjectConfigurationPlatforms) = postSolution
		{498F20CC-A91D-47DF-88C4-9A3A4592C1F7}.Debug|Any CPU.ActiveCfg = Debug|Any CPU
		{498F20CC-A91D-47DF-88C4-9A3A4592C1F7}.Debug|Any CPU.Build.0 = Debug|Any CPU
		{498F20CC-A91D-47DF-88C4-9A3A4592C1F7}.Release|Any CPU.ActiveCfg = Release|Any CPU
		{498F20CC-A91D-47DF-88C4-9A3A4592C1F7}.Release|Any CPU.Build.0 = Release|Any CPU
	EndGlobalSection
	GlobalSection(MonoDevelopProperties) = preSolution
		StartupItem = NetworkingFunctions\NetworkingFunctions.csproj
	EndGlobalSection
EndGlobal
